
Microsoft Visual Studio Solution File, Format Version 12.00
# Visual Studio 15
VisualStudioVersion = 15.0.28307.421
MinimumVisualStudioVersion = 10.0.40219.1
Project("{FAE04EC0-301F-11D3-BF4B-00C04F79EFBC}") = "VideoSharingPlatform", "VideoSharingPlatform\VideoSharingPlatform.csproj", "{9B5C049C-1108-4746-AA8E-D190884A631C}"
EndProject
Global
	GlobalSection(SolutionConfigurationPlatforms) = preSolution
		Debug|Any CPU = Debug|Any CPU
		Release|Any CPU = Release|Any CPU
	EndGlobalSection
	GlobalSection(ProjectConfigurationPlatforms) = postSolution
		{9B5C049C-1108-4746-AA8E-D190884A631C}.Debug|Any CPU.ActiveCfg = Debug|Any CPU
		{9B5C049C-1108-4746-AA8E-D190884A631C}.Debug|Any CPU.Build.0 = Debug|Any CPU
		{9B5C049C-1108-4746-AA8E-D190884A631C}.Release|Any CPU.ActiveCfg = Release|Any CPU
		{9B5C049C-1108-4746-AA8E-D190884A631C}.Release|Any CPU.Build.0 = Release|Any CPU
	EndGlobalSection
	GlobalSection(SolutionProperties) = preSolution
		HideSolutionNode = FALSE
	EndGlobalSection
	GlobalSection(ExtensibilityGlobals) = postSolution
		SolutionGuid = {711F3C64-61D6-439B-B0E4-1D940C26BE00}
	EndGlobalSection
EndGlobal
